
Microsoft Visual Studio Solution File, Format Version 12.00
# Visual Studio Version 17
VisualStudioVersion = 17.11.35303.130
MinimumVisualStudioVersion = 10.0.40219.1
Project("{2150E333-8FDC-42A3-9474-1A3956D46DE8}") = "Task0", "Task0", "{FE9C142E-872F-4374-BACE-A403B5937560}"
EndProject
Project("{9A19103F-16F7-4668-BE54-9A1E7A4F7556}") = "Tyuiu.NazarovaKH.Sprint1.Task0.V13", "Tyuiu.NazarovaKH.Sprint1.Task0.V13\Tyuiu.NazarovaKH.Sprint1.Task0.V13.csproj", "{00322461-C74F-42FB-AB91-73D99425C0CA}"
EndProject
Project("{9A19103F-16F7-4668-BE54-9A1E7A4F7556}") = "Tyuiu.NazarovaKH.Sprint1.Task0.V13.Lib", "Tyuiu.NazarovaKH.Sprint1.Task0.V13.Lib\Tyuiu.NazarovaKH.Sprint1.Task0.V13.Lib.csproj", "{A8B41A25-8A0A-4AFB-89B5-FD99C51C968C}"
EndProject
Project("{9A19103F-16F7-4668-BE54-9A1E7A4F7556}") = "Tyuiu.NazarovaKH.Sprint1.Task0.V13.Test", "Tyuiu.NazarovaKH.Sprint1.Task0.V13.Test\Tyuiu.NazarovaKH.Sprint1.Task0.V13.Test.csproj", "{7B71B21A-029F-4C57-AF34-9359AECD20EF}"
EndProject
Project("{2150E333-8FDC-42A3-9474-1A3956D46DE8}") = "Task1", "Task1", "{66C36154-C8E4-4404-B564-E7367A79D07F}"
EndProject
Project("{9A19103F-16F7-4668-BE54-9A1E7A4F7556}") = "Tyuiu.NazarovaKH.Sprint1.Task1.V24", "Tyuiu.NazarovaKH.Sprint1.Task1.V24\Tyuiu.NazarovaKH.Sprint1.Task1.V24.csproj", "{4A73CE13-16B4-46C0-9EEC-AA9BBF74C317}"
EndProject
Project("{9A19103F-16F7-4668-BE54-9A1E7A4F7556}") = "Tyuiu.NazarovaKH.Sprint1.Task1.V24.Lib", "Tyuiu.NazarovaKH.Sprint1.Task1.V24.Lib\Tyuiu.NazarovaKH.Sprint1.Task1.V24.Lib.csproj", "{D68CAFB0-33B2-47D1-9E67-28363D0F3B47}"
EndProject
Project("{9A19103F-16F7-4668-BE54-9A1E7A4F7556}") = "Tyuiu.NazarovaKH.Sprint1.Task1.V24.Test", "Tyuiu.NazarovaKH.Sprint1.Task1.V24.Test\Tyuiu.NazarovaKH.Sprint1.Task1.V24.Test.csproj", "{D599DE05-13BF-4D90-BED1-546892CE2A5C}"
EndProject
Project("{2150E333-8FDC-42A3-9474-1A3956D46DE8}") = "Task2", "Task2", "{1F417632-C739-4431-AAAF-22E4CE28E28F}"
EndProject
Project("{9A19103F-16F7-4668-BE54-9A1E7A4F7556}") = "Tyuiu.NazarovaKH.Sprint1.Task2.V11", "Tyuiu.NazarovaKH.Sprint1.Task2.V11\Tyuiu.NazarovaKH.Sprint1.Task2.V11.csproj", "{759CB431-DC18-4CCD-848B-1F5E0D91F150}"
EndProject
Project("{9A19103F-16F7-4668-BE54-9A1E7A4F7556}") = "Tyuiu.NazarovaKH.Sprint1.Task2.V11.Lib", "Tyuiu.NazarovaKH.Sprint1.Task2.V11.Lib\Tyuiu.NazarovaKH.Sprint1.Task2.V11.Lib.csproj", "{4E3E5C41-CEE5-494B-8E2B-D4F4AD45E339}"
EndProject
Project("{9A19103F-16F7-4668-BE54-9A1E7A4F7556}") = "Tyuiu.NazarovaKH.Sprint1.Task2.V11.Test", "Tyuiu.NazarovaKH.Sprint1.Task2.V11.Test\Tyuiu.NazarovaKH.Sprint1.Task2.V11.Test.csproj", "{2D917FE5-C7B1-49AB-838E-B4FE7A92B075}"
EndProject
Project("{2150E333-8FDC-42A3-9474-1A3956D46DE8}") = "Task3", "Task3", "{5EDE6CD6-E7EE-45A8-9EA6-988BB0DB91E1}"
EndProject
Project("{9A19103F-16F7-4668-BE54-9A1E7A4F7556}") = "Tyuiu.NazarovaKH.Sprint1.Task3.V15", "Tyuiu.NazarovaKH.Sprint1.Task3.V15\Tyuiu.NazarovaKH.Sprint1.Task3.V15.csproj", "{4C4B8AFF-7DDF-4E21-8AF1-95E0FF875B89}"
EndProject
Project("{9A19103F-16F7-4668-BE54-9A1E7A4F7556}") = "Tyuiu.NazarovaKH.Sprint1.Task3.V15.Lib", "Tyuiu.NazarovaKH.Sprint1.Task3.V15.Lib\Tyuiu.NazarovaKH.Sprint1.Task3.V15.Lib.csproj", "{40802FB7-F77B-4579-BA69-147A12F8411A}"
EndProject
Project("{9A19103F-16F7-4668-BE54-9A1E7A4F7556}") = "Tyuiu.NazarovaKH.Sprint1.Task3.V15.Test", "Tyuiu.NazarovaKH.Sprint1.Task3.V15.Test\Tyuiu.NazarovaKH.Sprint1.Task3.V15.Test.csproj", "{FDCBC328-50C9-45EE-896E-BACA6455D927}"
EndProject
Project("{2150E333-8FDC-42A3-9474-1A3956D46DE8}") = "Task4", "Task4", "{D4F340D9-BA26-4C26-BE77-6BE4C74588B2}"
EndProject
Project("{9A19103F-16F7-4668-BE54-9A1E7A4F7556}") = "Tyuiu.NazarovaKH.Sprint1.Task4.V11", "Tyuiu.NazarovaKH.Sprint1.Task4.V11\Tyuiu.NazarovaKH.Sprint1.Task4.V11.csproj", "{0E5ADBDA-9D0F-458D-BAF2-6C2FA327C629}"
EndProject
Project("{9A19103F-16F7-4668-BE54-9A1E7A4F7556}") = "Tyuiu.NazarovaKH.Sprint1.Task4.V11.Lib", "Tyuiu.NazarovaKH.Sprint1.Task4.V11.Lib\Tyuiu.NazarovaKH.Sprint1.Task4.V11.Lib.csproj", "{C65CE550-9D01-4629-91B3-1BF96DA9A788}"
EndProject
Project("{9A19103F-16F7-4668-BE54-9A1E7A4F7556}") = "Tyuiu.NazarovaKH.Sprint1.Task4.V11.Test", "Tyuiu.NazarovaKH.Sprint1.Task4.V11.Test\Tyuiu.NazarovaKH.Sprint1.Task4.V11.Test.csproj", "{17304F5B-3676-477B-B3C1-EC5CACCAE2CC}"
EndProject
Project("{2150E333-8FDC-42A3-9474-1A3956D46DE8}") = "Task5", "Task5", "{2C7C6E7C-CA05-44B9-A701-C955058F900B}"
EndProject
Project("{9A19103F-16F7-4668-BE54-9A1E7A4F7556}") = "Tyuiu.NazarovaKH.Sprint1.Task5.V1", "Tyuiu.NazarovaKH.Sprint1.Task5.V1\Tyuiu.NazarovaKH.Sprint1.Task5.V1.csproj", "{A96C139D-D16A-4C55-AB00-A2DEB6185988}"
EndProject
Project("{9A19103F-16F7-4668-BE54-9A1E7A4F7556}") = "Tyuiu.NazarovaKH.Sprint1.Task5.V1.Lib", "Tyuiu.NazarovaKH.Sprint1.Task5.V1.Lib\Tyuiu.NazarovaKH.Sprint1.Task5.V1.Lib.csproj", "{A32BBBC4-AFAB-4E48-9E9B-9A813C0FD5A6}"
EndProject
Project("{9A19103F-16F7-4668-BE54-9A1E7A4F7556}") = "Tyuiu.NazarovaKH.Sprint1.Task5.V1.Test", "Tyuiu.NazarovaKH.Sprint1.Task5.V1.Test\Tyuiu.NazarovaKH.Sprint1.Task5.V1.Test.csproj", "{3686F33C-A796-4792-863E-37C875C11A1F}"
EndProject
Project("{2150E333-8FDC-42A3-9474-1A3956D46DE8}") = "Task6", "Task6", "{CDB75F15-17E7-48C7-8ACC-12A859B61731}"
EndProject
Project("{9A19103F-16F7-4668-BE54-9A1E7A4F7556}") = "Tyuiu.NazarovaKH.Sprint1.Task6.V4", "Tyuiu.NazarovaKH.Sprint1.Task6.V4\Tyuiu.NazarovaKH.Sprint1.Task6.V4.csproj", "{69FAACFD-21D8-4470-949D-7C1973D33305}"
EndProject
Project("{9A19103F-16F7-4668-BE54-9A1E7A4F7556}") = "Tyuiu.NazarovaKH.Sprint1.Task6.V4.Lib", "Tyuiu.NazarovaKH.Sprint1.Task6.V4.Lib\Tyuiu.NazarovaKH.Sprint1.Task6.V4.Lib.csproj", "{D3EAB240-6B22-41B7-8679-98B31D7F12DA}"
EndProject
Project("{9A19103F-16F7-4668-BE54-9A1E7A4F7556}") = "Tyuiu.NazarovaKH.Sprint1.Task6.V4.Test", "Tyuiu.NazarovaKH.Sprint1.Task6.V4.Test\Tyuiu.NazarovaKH.Sprint1.Task6.V4.Test.csproj", "{030CF27F-2CE3-4FB7-B322-D33C30146ED0}"
EndProject
Project("{2150E333-8FDC-42A3-9474-1A3956D46DE8}") = "Task7", "Task7", "{82A6F05F-CA26-4379-B2A4-2C0D8DCEFB7F}"
EndProject
Project("{9A19103F-16F7-4668-BE54-9A1E7A4F7556}") = "Tyuiu.NazarovaKH.Sprint1.Task7.V16", "Tyuiu.NazarovaKH.Sprint1.Task7.V16\Tyuiu.NazarovaKH.Sprint1.Task7.V16.csproj", "{89BFA4E2-0033-42E0-8D6E-53FD0FB70295}"
EndProject
Project("{9A19103F-16F7-4668-BE54-9A1E7A4F7556}") = "Tyuiu.NazarovaKH.Sprint1.Task7.V16.Lib", "Tyuiu.NazarovaKH.Sprint1.Task7.V16.Lib\Tyuiu.NazarovaKH.Sprint1.Task7.V16.Lib.csproj", "{A0DC0BA9-0B87-4000-ABAC-0A3EFCDA830E}"
EndProject
Project("{FAE04EC0-301F-11D3-BF4B-00C04F79EFBC}") = "Tyuiu.NazarovaKH.Sprint1.Task7.V16.Test", "Tyuiu.NazarovaKH.Sprint1.Task7.V16.Test\Tyuiu.NazarovaKH.Sprint1.Task7.V16.Test.csproj", "{6BF91E36-4B05-44BD-85E2-896CCA02D668}"
EndProject
Global
	GlobalSection(SolutionConfigurationPlatforms) = preSolution
		Debug|Any CPU = Debug|Any CPU
		Release|Any CPU = Release|Any CPU
	EndGlobalSection
	GlobalSection(ProjectConfigurationPlatforms) = postSolution
		{00322461-C74F-42FB-AB91-73D99425C0CA}.Debug|Any CPU.ActiveCfg = Debug|Any CPU
		{00322461-C74F-42FB-AB91-73D99425C0CA}.Debug|Any CPU.Build.0 = Debug|Any CPU
		{00322461-C74F-42FB-AB91-73D99425C0CA}.Release|Any CPU.ActiveCfg = Release|Any CPU
		{00322461-C74F-42FB-AB91-73D99425C0CA}.Release|Any CPU.Build.0 = Release|Any CPU
		{A8B41A25-8A0A-4AFB-89B5-FD99C51C968C}.Debug|Any CPU.ActiveCfg = Debug|Any CPU
		{A8B41A25-8A0A-4AFB-89B5-FD99C51C968C}.Debug|Any CPU.Build.0 = Debug|Any CPU
		{A8B41A25-8A0A-4AFB-89B5-FD99C51C968C}.Release|Any CPU.ActiveCfg = Release|Any CPU
		{A8B41A25-8A0A-4AFB-89B5-FD99C51C968C}.Release|Any CPU.Build.0 = Release|Any CPU
		{7B71B21A-029F-4C57-AF34-9359AECD20EF}.Debug|Any CPU.ActiveCfg = Debug|Any CPU
		{7B71B21A-029F-4C57-AF34-9359AECD20EF}.Debug|Any CPU.Build.0 = Debug|Any CPU
		{7B71B21A-029F-4C57-AF34-9359AECD20EF}.Release|Any CPU.ActiveCfg = Release|Any CPU
		{7B71B21A-029F-4C57-AF34-9359AECD20EF}.Release|Any CPU.Build.0 = Release|Any CPU
		{4A73CE13-16B4-46C0-9EEC-AA9BBF74C317}.Debug|Any CPU.ActiveCfg = Debug|Any CPU
		{4A73CE13-16B4-46C0-9EEC-AA9BBF74C317}.Debug|Any CPU.Build.0 = Debug|Any CPU
		{4A73CE13-16B4-46C0-9EEC-AA9BBF74C317}.Release|Any CPU.ActiveCfg = Release|Any CPU
		{4A73CE13-16B4-46C0-9EEC-AA9BBF74C317}.Release|Any CPU.Build.0 = Release|Any CPU
		{D68CAFB0-33B2-47D1-9E67-28363D0F3B47}.Debug|Any CPU.ActiveCfg = Debug|Any CPU
		{D68CAFB0-33B2-47D1-9E67-28363D0F3B47}.Debug|Any CPU.Build.0 = Debug|Any CPU
		{D68CAFB0-33B2-47D1-9E67-28363D0F3B47}.Release|Any CPU.ActiveCfg = Release|Any CPU
		{D68CAFB0-33B2-47D1-9E67-28363D0F3B47}.Release|Any CPU.Build.0 = Release|Any CPU
		{D599DE05-13BF-4D90-BED1-546892CE2A5C}.Debug|Any CPU.ActiveCfg = Debug|Any CPU
		{D599DE05-13BF-4D90-BED1-546892CE2A5C}.Debug|Any CPU.Build.0 = Debug|Any CPU
		{D599DE05-13BF-4D90-BED1-546892CE2A5C}.Release|Any CPU.ActiveCfg = Release|Any CPU
		{D599DE05-13BF-4D90-BED1-546892CE2A5C}.Release|Any CPU.Build.0 = Release|Any CPU
		{759CB431-DC18-4CCD-848B-1F5E0D91F150}.Debug|Any CPU.ActiveCfg = Debug|Any CPU
		{759CB431-DC18-4CCD-848B-1F5E0D91F150}.Debug|Any CPU.Build.0 = Debug|Any CPU
		{759CB431-DC18-4CCD-848B-1F5E0D91F150}.Release|Any CPU.ActiveCfg = Release|Any CPU
		{759CB431-DC18-4CCD-848B-1F5E0D91F150}.Release|Any CPU.Build.0 = Release|Any CPU
		{4E3E5C41-CEE5-494B-8E2B-D4F4AD45E339}.Debug|Any CPU.ActiveCfg = Debug|Any CPU
		{4E3E5C41-CEE5-494B-8E2B-D4F4AD45E339}.Debug|Any CPU.Build.0 = Debug|Any CPU
		{4E3E5C41-CEE5-494B-8E2B-D4F4AD45E339}.Release|Any CPU.ActiveCfg = Release|Any CPU
		{4E3E5C41-CEE5-494B-8E2B-D4F4AD45E339}.Release|Any CPU.Build.0 = Release|Any CPU
		{2D917FE5-C7B1-49AB-838E-B4FE7A92B075}.Debug|Any CPU.ActiveCfg = Debug|Any CPU
		{2D917FE5-C7B1-49AB-838E-B4FE7A92B075}.Debug|Any CPU.Build.0 = Debug|Any CPU
		{2D917FE5-C7B1-49AB-838E-B4FE7A92B075}.Release|Any CPU.ActiveCfg = Release|Any CPU
		{2D917FE5-C7B1-49AB-838E-B4FE7A92B075}.Release|Any CPU.Build.0 = Release|Any CPU
		{4C4B8AFF-7DDF-4E21-8AF1-95E0FF875B89}.Debug|Any CPU.ActiveCfg = Debug|Any CPU
		{4C4B8AFF-7DDF-4E21-8AF1-95E0FF875B89}.Debug|Any CPU.Build.0 = Debug|Any CPU
		{4C4B8AFF-7DDF-4E21-8AF1-95E0FF875B89}.Release|Any CPU.ActiveCfg = Release|Any CPU
		{4C4B8AFF-7DDF-4E21-8AF1-95E0FF875B89}.Release|Any CPU.Build.0 = Release|Any CPU
		{40802FB7-F77B-4579-BA69-147A12F8411A}.Debug|Any CPU.ActiveCfg = Debug|Any CPU
		{40802FB7-F77B-4579-BA69-147A12F8411A}.Debug|Any CPU.Build.0 = Debug|Any CPU
		{40802FB7-F77B-4579-BA69-147A12F8411A}.Release|Any CPU.ActiveCfg = Release|Any CPU
		{40802FB7-F77B-4579-BA69-147A12F8411A}.Release|Any CPU.Build.0 = Release|Any CPU
		{FDCBC328-50C9-45EE-896E-BACA6455D927}.Debug|Any CPU.ActiveCfg = Debug|Any CPU
		{FDCBC328-50C9-45EE-896E-BACA6455D927}.Debug|Any CPU.Build.0 = Debug|Any CPU
		{FDCBC328-50C9-45EE-896E-BACA6455D927}.Release|Any CPU.ActiveCfg = Release|Any CPU
		{FDCBC328-50C9-45EE-896E-BACA6455D927}.Release|Any CPU.Build.0 = Release|Any CPU
		{0E5ADBDA-9D0F-458D-BAF2-6C2FA327C629}.Debug|Any CPU.ActiveCfg = Debug|Any CPU
		{0E5ADBDA-9D0F-458D-BAF2-6C2FA327C629}.Debug|Any CPU.Build.0 = Debug|Any CPU
		{0E5ADBDA-9D0F-458D-BAF2-6C2FA327C629}.Release|Any CPU.ActiveCfg = Release|Any CPU
		{0E5ADBDA-9D0F-458D-BAF2-6C2FA327C629}.Release|Any CPU.Build.0 = Release|Any CPU
		{C65CE550-9D01-4629-91B3-1BF96DA9A788}.Debug|Any CPU.ActiveCfg = Debug|Any CPU
		{C65CE550-9D01-4629-91B3-1BF96DA9A788}.Debug|Any CPU.Build.0 = Debug|Any CPU
		{C65CE550-9D01-4629-91B3-1BF96DA9A788}.Release|Any CPU.ActiveCfg = Release|Any CPU
		{C65CE550-9D01-4629-91B3-1BF96DA9A788}.Release|Any CPU.Build.0 = Release|Any CPU
		{17304F5B-3676-477B-B3C1-EC5CACCAE2CC}.Debug|Any CPU.ActiveCfg = Debug|Any CPU
		{17304F5B-3676-477B-B3C1-EC5CACCAE2CC}.Debug|Any CPU.Build.0 = Debug|Any CPU
		{17304F5B-3676-477B-B3C1-EC5CACCAE2CC}.Release|Any CPU.ActiveCfg = Release|Any CPU
		{17304F5B-3676-477B-B3C1-EC5CACCAE2CC}.Release|Any CPU.Build.0 = Release|Any CPU
		{A96C139D-D16A-4C55-AB00-A2DEB6185988}.Debug|Any CPU.ActiveCfg = Debug|Any CPU
		{A96C139D-D16A-4C55-AB00-A2DEB6185988}.Debug|Any CPU.Build.0 = Debug|Any CPU
		{A96C139D-D16A-4C55-AB00-A2DEB6185988}.Release|Any CPU.ActiveCfg = Release|Any CPU
		{A96C139D-D16A-4C55-AB00-A2DEB6185988}.Release|Any CPU.Build.0 = Release|Any CPU
		{A32BBBC4-AFAB-4E48-9E9B-9A813C0FD5A6}.Debug|Any CPU.ActiveCfg = Debug|Any CPU
		{A32BBBC4-AFAB-4E48-9E9B-9A813C0FD5A6}.Debug|Any CPU.Build.0 = Debug|Any CPU
		{A32BBBC4-AFAB-4E48-9E9B-9A813C0FD5A6}.Release|Any CPU.ActiveCfg = Release|Any CPU
		{A32BBBC4-AFAB-4E48-9E9B-9A813C0FD5A6}.Release|Any CPU.Build.0 = Release|Any CPU
		{3686F33C-A796-4792-863E-37C875C11A1F}.Debug|Any CPU.ActiveCfg = Debug|Any CPU
		{3686F33C-A796-4792-863E-37C875C11A1F}.Debug|Any CPU.Build.0 = Debug|Any CPU
		{3686F33C-A796-4792-863E-37C875C11A1F}.Release|Any CPU.ActiveCfg = Release|Any CPU
		{3686F33C-A796-4792-863E-37C875C11A1F}.Release|Any CPU.Build.0 = Release|Any CPU
		{69FAACFD-21D8-4470-949D-7C1973D33305}.Debug|Any CPU.ActiveCfg = Debug|Any CPU
		{69FAACFD-21D8-4470-949D-7C1973D33305}.Debug|Any CPU.Build.0 = Debug|Any CPU
		{69FAACFD-21D8-4470-949D-7C1973D33305}.Release|Any CPU.ActiveCfg = Release|Any CPU
		{69FAACFD-21D8-4470-949D-7C1973D33305}.Release|Any CPU.Build.0 = Release|Any CPU
		{D3EAB240-6B22-41B7-8679-98B31D7F12DA}.Debug|Any CPU.ActiveCfg = Debug|Any CPU
		{D3EAB240-6B22-41B7-8679-98B31D7F12DA}.Debug|Any CPU.Build.0 = Debug|Any CPU
		{D3EAB240-6B22-41B7-8679-98B31D7F12DA}.Release|Any CPU.ActiveCfg = Release|Any CPU
		{D3EAB240-6B22-41B7-8679-98B31D7F12DA}.Release|Any CPU.Build.0 = Release|Any CPU
		{030CF27F-2CE3-4FB7-B322-D33C30146ED0}.Debug|Any CPU.ActiveCfg = Debug|Any CPU
		{030CF27F-2CE3-4FB7-B322-D33C30146ED0}.Debug|Any CPU.Build.0 = Debug|Any CPU
		{030CF27F-2CE3-4FB7-B322-D33C30146ED0}.Release|Any CPU.ActiveCfg = Release|Any CPU
		{030CF27F-2CE3-4FB7-B322-D33C30146ED0}.Release|Any CPU.Build.0 = Release|Any CPU
		{89BFA4E2-0033-42E0-8D6E-53FD0FB70295}.Debug|Any CPU.ActiveCfg = Debug|Any CPU
		{89BFA4E2-0033-42E0-8D6E-53FD0FB70295}.Debug|Any CPU.Build.0 = Debug|Any CPU
		{89BFA4E2-0033-42E0-8D6E-53FD0FB70295}.Release|Any CPU.ActiveCfg = Release|Any CPU
		{89BFA4E2-0033-42E0-8D6E-53FD0FB70295}.Release|Any CPU.Build.0 = Release|Any CPU
		{A0DC0BA9-0B87-4000-ABAC-0A3EFCDA830E}.Debug|Any CPU.ActiveCfg = Debug|Any CPU
		{A0DC0BA9-0B87-4000-ABAC-0A3EFCDA830E}.Debug|Any CPU.Build.0 = Debug|Any CPU
		{A0DC0BA9-0B87-4000-ABAC-0A3EFCDA830E}.Release|Any CPU.ActiveCfg = Release|Any CPU
		{A0DC0BA9-0B87-4000-ABAC-0A3EFCDA830E}.Release|Any CPU.Build.0 = Release|Any CPU
		{6BF91E36-4B05-44BD-85E2-896CCA02D668}.Debug|Any CPU.ActiveCfg = Debug|Any CPU
		{6BF91E36-4B05-44BD-85E2-896CCA02D668}.Debug|Any CPU.Build.0 = Debug|Any CPU
		{6BF91E36-4B05-44BD-85E2-896CCA02D668}.Release|Any CPU.ActiveCfg = Release|Any CPU
		{6BF91E36-4B05-44BD-85E2-896CCA02D668}.Release|Any CPU.Build.0 = Release|Any CPU
	EndGlobalSection
	GlobalSection(SolutionProperties) = preSolution
		HideSolutionNode = FALSE
	EndGlobalSection
	GlobalSection(NestedProjects) = preSolution
		{00322461-C74F-42FB-AB91-73D99425C0CA} = {FE9C142E-872F-4374-BACE-A403B5937560}
		{A8B41A25-8A0A-4AFB-89B5-FD99C51C968C} = {FE9C142E-872F-4374-BACE-A403B5937560}
		{7B71B21A-029F-4C57-AF34-9359AECD20EF} = {FE9C142E-872F-4374-BACE-A403B5937560}
		{4A73CE13-16B4-46C0-9EEC-AA9BBF74C317} = {66C36154-C8E4-4404-B564-E7367A79D07F}
		{D68CAFB0-33B2-47D1-9E67-28363D0F3B47} = {66C36154-C8E4-4404-B564-E7367A79D07F}
		{D599DE05-13BF-4D90-BED1-546892CE2A5C} = {66C36154-C8E4-4404-B564-E7367A79D07F}
		{759CB431-DC18-4CCD-848B-1F5E0D91F150} = {1F417632-C739-4431-AAAF-22E4CE28E28F}
		{4E3E5C41-CEE5-494B-8E2B-D4F4AD45E339} = {1F417632-C739-4431-AAAF-22E4CE28E28F}
		{2D917FE5-C7B1-49AB-838E-B4FE7A92B075} = {1F417632-C739-4431-AAAF-22E4CE28E28F}
		{4C4B8AFF-7DDF-4E21-8AF1-95E0FF875B89} = {5EDE6CD6-E7EE-45A8-9EA6-988BB0DB91E1}
		{40802FB7-F77B-4579-BA69-147A12F8411A} = {5EDE6CD6-E7EE-45A8-9EA6-988BB0DB91E1}
		{FDCBC328-50C9-45EE-896E-BACA6455D927} = {5EDE6CD6-E7EE-45A8-9EA6-988BB0DB91E1}
		{0E5ADBDA-9D0F-458D-BAF2-6C2FA327C629} = {D4F340D9-BA26-4C26-BE77-6BE4C74588B2}
		{C65CE550-9D01-4629-91B3-1BF96DA9A788} = {D4F340D9-BA26-4C26-BE77-6BE4C74588B2}
		{17304F5B-3676-477B-B3C1-EC5CACCAE2CC} = {D4F340D9-BA26-4C26-BE77-6BE4C74588B2}
		{A96C139D-D16A-4C55-AB00-A2DEB6185988} = {2C7C6E7C-CA05-44B9-A701-C955058F900B}
		{A32BBBC4-AFAB-4E48-9E9B-9A813C0FD5A6} = {2C7C6E7C-CA05-44B9-A701-C955058F900B}
		{3686F33C-A796-4792-863E-37C875C11A1F} = {2C7C6E7C-CA05-44B9-A701-C955058F900B}
		{69FAACFD-21D8-4470-949D-7C1973D33305} = {CDB75F15-17E7-48C7-8ACC-12A859B61731}
		{D3EAB240-6B22-41B7-8679-98B31D7F12DA} = {CDB75F15-17E7-48C7-8ACC-12A859B61731}
		{030CF27F-2CE3-4FB7-B322-D33C30146ED0} = {CDB75F15-17E7-48C7-8ACC-12A859B61731}
		{89BFA4E2-0033-42E0-8D6E-53FD0FB70295} = {82A6F05F-CA26-4379-B2A4-2C0D8DCEFB7F}
		{A0DC0BA9-0B87-4000-ABAC-0A3EFCDA830E} = {82A6F05F-CA26-4379-B2A4-2C0D8DCEFB7F}
		{6BF91E36-4B05-44BD-85E2-896CCA02D668} = {82A6F05F-CA26-4379-B2A4-2C0D8DCEFB7F}
	EndGlobalSection
	GlobalSection(ExtensibilityGlobals) = postSolution
		SolutionGuid = {E184C339-6C92-4134-93D5-74F8AB97FFF7}
	EndGlobalSection
EndGlobal
