
Microsoft Visual Studio Solution File, Format Version 12.00
# Visual Studio Version 17
VisualStudioVersion = 17.11.35303.130
MinimumVisualStudioVersion = 10.0.40219.1
Project("{2150E333-8FDC-42A3-9474-1A3956D46DE8}") = "Task0", "Task0", "{FE9C142E-872F-4374-BACE-A403B5937560}"
EndProject
Project("{9A19103F-16F7-4668-BE54-9A1E7A4F7556}") = "Tyuiu.NazarovaKH.Sprint1.Task0.V13", "Tyuiu.NazarovaKH.Sprint1.Task0.V13\Tyuiu.NazarovaKH.Sprint1.Task0.V13.csproj", "{00322461-C74F-42FB-AB91-73D99425C0CA}"
EndProject
Project("{9A19103F-16F7-4668-BE54-9A1E7A4F7556}") = "Tyuiu.NazarovaKH.Sprint1.Task0.V13.Lib", "Tyuiu.NazarovaKH.Sprint1.Task0.V13.Lib\Tyuiu.NazarovaKH.Sprint1.Task0.V13.Lib.csproj", "{A8B41A25-8A0A-4AFB-89B5-FD99C51C968C}"
EndProject
Project("{9A19103F-16F7-4668-BE54-9A1E7A4F7556}") = "Tyuiu.NazarovaKH.Sprint1.Task0.V13.Test", "Tyuiu.NazarovaKH.Sprint1.Task0.V13.Test\Tyuiu.NazarovaKH.Sprint1.Task0.V13.Test.csproj", "{7B71B21A-029F-4C57-AF34-9359AECD20EF}"
EndProject
Project("{2150E333-8FDC-42A3-9474-1A3956D46DE8}") = "Task1", "Task1", "{66C36154-C8E4-4404-B564-E7367A79D07F}"
EndProject
Project("{FAE04EC0-301F-11D3-BF4B-00C04F79EFBC}") = "Tyuiu.NazarovaKH.Sprint1.Task1.V24", "Tyuiu.NazarovaKH.Sprint1.Task1.V24\Tyuiu.NazarovaKH.Sprint1.Task1.V24.csproj", "{4A73CE13-16B4-46C0-9EEC-AA9BBF74C317}"
EndProject
Project("{FAE04EC0-301F-11D3-BF4B-00C04F79EFBC}") = "Tyuiu.NazarovaKH.Sprint1.Task1.V24.Lib", "Tyuiu.NazarovaKH.Sprint1.Task1.V24.Lib\Tyuiu.NazarovaKH.Sprint1.Task1.V24.Lib.csproj", "{D68CAFB0-33B2-47D1-9E67-28363D0F3B47}"
EndProject
Project("{FAE04EC0-301F-11D3-BF4B-00C04F79EFBC}") = "Tyuiu.NazarovaKH.Sprint1.Task1.V24.Test", "Tyuiu.NazarovaKH.Sprint1.Task1.V24.Test\Tyuiu.NazarovaKH.Sprint1.Task1.V24.Test.csproj", "{D599DE05-13BF-4D90-BED1-546892CE2A5C}"
EndProject
Project("{2150E333-8FDC-42A3-9474-1A3956D46DE8}") = "Task2", "Task2", "{1F417632-C739-4431-AAAF-22E4CE28E28F}"
EndProject
Project("{FAE04EC0-301F-11D3-BF4B-00C04F79EFBC}") = "Tyuiu.NazarovaKH.Sprint1.Task2.V11", "Tyuiu.NazarovaKH.Sprint1.Task2.V11\Tyuiu.NazarovaKH.Sprint1.Task2.V11.csproj", "{759CB431-DC18-4CCD-848B-1F5E0D91F150}"
EndProject
Project("{FAE04EC0-301F-11D3-BF4B-00C04F79EFBC}") = "Tyuiu.NazarovaKH.Sprint1.Task2.V11.Lib", "Tyuiu.NazarovaKH.Sprint1.Task2.V11.Lib\Tyuiu.NazarovaKH.Sprint1.Task2.V11.Lib.csproj", "{4E3E5C41-CEE5-494B-8E2B-D4F4AD45E339}"
EndProject
Project("{FAE04EC0-301F-11D3-BF4B-00C04F79EFBC}") = "Tyuiu.NazarovaKH.Sprint1.Task2.V11.Test", "Tyuiu.NazarovaKH.Sprint1.Task2.V11.Test\Tyuiu.NazarovaKH.Sprint1.Task2.V11.Test.csproj", "{2D917FE5-C7B1-49AB-838E-B4FE7A92B075}"
EndProject
Global
	GlobalSection(SolutionConfigurationPlatforms) = preSolution
		Debug|Any CPU = Debug|Any CPU
		Release|Any CPU = Release|Any CPU
	EndGlobalSection
	GlobalSection(ProjectConfigurationPlatforms) = postSolution
		{00322461-C74F-42FB-AB91-73D99425C0CA}.Debug|Any CPU.ActiveCfg = Debug|Any CPU
		{00322461-C74F-42FB-AB91-73D99425C0CA}.Debug|Any CPU.Build.0 = Debug|Any CPU
		{00322461-C74F-42FB-AB91-73D99425C0CA}.Release|Any CPU.ActiveCfg = Release|Any CPU
		{00322461-C74F-42FB-AB91-73D99425C0CA}.Release|Any CPU.Build.0 = Release|Any CPU
		{A8B41A25-8A0A-4AFB-89B5-FD99C51C968C}.Debug|Any CPU.ActiveCfg = Debug|Any CPU
		{A8B41A25-8A0A-4AFB-89B5-FD99C51C968C}.Debug|Any CPU.Build.0 = Debug|Any CPU
		{A8B41A25-8A0A-4AFB-89B5-FD99C51C968C}.Release|Any CPU.ActiveCfg = Release|Any CPU
		{A8B41A25-8A0A-4AFB-89B5-FD99C51C968C}.Release|Any CPU.Build.0 = Release|Any CPU
		{7B71B21A-029F-4C57-AF34-9359AECD20EF}.Debug|Any CPU.ActiveCfg = Debug|Any CPU
		{7B71B21A-029F-4C57-AF34-9359AECD20EF}.Debug|Any CPU.Build.0 = Debug|Any CPU
		{7B71B21A-029F-4C57-AF34-9359AECD20EF}.Release|Any CPU.ActiveCfg = Release|Any CPU
		{7B71B21A-029F-4C57-AF34-9359AECD20EF}.Release|Any CPU.Build.0 = Release|Any CPU
		{4A73CE13-16B4-46C0-9EEC-AA9BBF74C317}.Debug|Any CPU.ActiveCfg = Debug|Any CPU
		{4A73CE13-16B4-46C0-9EEC-AA9BBF74C317}.Debug|Any CPU.Build.0 = Debug|Any CPU
		{4A73CE13-16B4-46C0-9EEC-AA9BBF74C317}.Release|Any CPU.ActiveCfg = Release|Any CPU
		{4A73CE13-16B4-46C0-9EEC-AA9BBF74C317}.Release|Any CPU.Build.0 = Release|Any CPU
		{D68CAFB0-33B2-47D1-9E67-28363D0F3B47}.Debug|Any CPU.ActiveCfg = Debug|Any CPU
		{D68CAFB0-33B2-47D1-9E67-28363D0F3B47}.Debug|Any CPU.Build.0 = Debug|Any CPU
		{D68CAFB0-33B2-47D1-9E67-28363D0F3B47}.Release|Any CPU.ActiveCfg = Release|Any CPU
		{D68CAFB0-33B2-47D1-9E67-28363D0F3B47}.Release|Any CPU.Build.0 = Release|Any CPU
		{D599DE05-13BF-4D90-BED1-546892CE2A5C}.Debug|Any CPU.ActiveCfg = Debug|Any CPU
		{D599DE05-13BF-4D90-BED1-546892CE2A5C}.Debug|Any CPU.Build.0 = Debug|Any CPU
		{D599DE05-13BF-4D90-BED1-546892CE2A5C}.Release|Any CPU.ActiveCfg = Release|Any CPU
		{D599DE05-13BF-4D90-BED1-546892CE2A5C}.Release|Any CPU.Build.0 = Release|Any CPU
		{759CB431-DC18-4CCD-848B-1F5E0D91F150}.Debug|Any CPU.ActiveCfg = Debug|Any CPU
		{759CB431-DC18-4CCD-848B-1F5E0D91F150}.Debug|Any CPU.Build.0 = Debug|Any CPU
		{759CB431-DC18-4CCD-848B-1F5E0D91F150}.Release|Any CPU.ActiveCfg = Release|Any CPU
		{759CB431-DC18-4CCD-848B-1F5E0D91F150}.Release|Any CPU.Build.0 = Release|Any CPU
		{4E3E5C41-CEE5-494B-8E2B-D4F4AD45E339}.Debug|Any CPU.ActiveCfg = Debug|Any CPU
		{4E3E5C41-CEE5-494B-8E2B-D4F4AD45E339}.Debug|Any CPU.Build.0 = Debug|Any CPU
		{4E3E5C41-CEE5-494B-8E2B-D4F4AD45E339}.Release|Any CPU.ActiveCfg = Release|Any CPU
		{4E3E5C41-CEE5-494B-8E2B-D4F4AD45E339}.Release|Any CPU.Build.0 = Release|Any CPU
		{2D917FE5-C7B1-49AB-838E-B4FE7A92B075}.Debug|Any CPU.ActiveCfg = Debug|Any CPU
		{2D917FE5-C7B1-49AB-838E-B4FE7A92B075}.Debug|Any CPU.Build.0 = Debug|Any CPU
		{2D917FE5-C7B1-49AB-838E-B4FE7A92B075}.Release|Any CPU.ActiveCfg = Release|Any CPU
		{2D917FE5-C7B1-49AB-838E-B4FE7A92B075}.Release|Any CPU.Build.0 = Release|Any CPU
	EndGlobalSection
	GlobalSection(SolutionProperties) = preSolution
		HideSolutionNode = FALSE
	EndGlobalSection
	GlobalSection(NestedProjects) = preSolution
		{00322461-C74F-42FB-AB91-73D99425C0CA} = {FE9C142E-872F-4374-BACE-A403B5937560}
		{A8B41A25-8A0A-4AFB-89B5-FD99C51C968C} = {FE9C142E-872F-4374-BACE-A403B5937560}
		{7B71B21A-029F-4C57-AF34-9359AECD20EF} = {FE9C142E-872F-4374-BACE-A403B5937560}
		{4A73CE13-16B4-46C0-9EEC-AA9BBF74C317} = {66C36154-C8E4-4404-B564-E7367A79D07F}
		{D68CAFB0-33B2-47D1-9E67-28363D0F3B47} = {66C36154-C8E4-4404-B564-E7367A79D07F}
		{D599DE05-13BF-4D90-BED1-546892CE2A5C} = {66C36154-C8E4-4404-B564-E7367A79D07F}
		{759CB431-DC18-4CCD-848B-1F5E0D91F150} = {1F417632-C739-4431-AAAF-22E4CE28E28F}
		{4E3E5C41-CEE5-494B-8E2B-D4F4AD45E339} = {1F417632-C739-4431-AAAF-22E4CE28E28F}
		{2D917FE5-C7B1-49AB-838E-B4FE7A92B075} = {1F417632-C739-4431-AAAF-22E4CE28E28F}
	EndGlobalSection
	GlobalSection(ExtensibilityGlobals) = postSolution
		SolutionGuid = {E184C339-6C92-4134-93D5-74F8AB97FFF7}
	EndGlobalSection
EndGlobal
